
Microsoft Visual Studio Solution File, Format Version 12.00
# Visual Studio 15
VisualStudioVersion = 15.0.27004.2005
MinimumVisualStudioVersion = 10.0.40219.1
Project("{9A19103F-16F7-4668-BE54-9A1E7A4F7556}") = "TomSun.BridgeNet.Loader", "TomSun.BridgeNet.Loader\TomSun.BridgeNet.Loader.csproj", "{34065D0D-DE9A-4610-B444-D56414D1168E}"
EndProject
Global
	GlobalSection(SolutionConfigurationPlatforms) = preSolution
		Debug|Any CPU = Debug|Any CPU
		Release|Any CPU = Release|Any CPU
	EndGlobalSection
	GlobalSection(ProjectConfigurationPlatforms) = postSolution
		{34065D0D-DE9A-4610-B444-D56414D1168E}.Debug|Any CPU.ActiveCfg = Debug|Any CPU
		{34065D0D-DE9A-4610-B444-D56414D1168E}.Debug|Any CPU.Build.0 = Debug|Any CPU
		{34065D0D-DE9A-4610-B444-D56414D1168E}.Release|Any CPU.ActiveCfg = Release|Any CPU
		{34065D0D-DE9A-4610-B444-D56414D1168E}.Release|Any CPU.Build.0 = Release|Any CPU
	EndGlobalSection
	GlobalSection(SolutionProperties) = preSolution
		HideSolutionNode = FALSE
	EndGlobalSection
	GlobalSection(ExtensibilityGlobals) = postSolution
		SolutionGuid = {22EEFA0A-D888-42C2-9C50-58AE5F1C516D}
	EndGlobalSection
EndGlobal
